
Microsoft Visual Studio Solution File, Format Version 12.00
# Visual Studio Version 17
VisualStudioVersion = 17.5.33516.290
MinimumVisualStudioVersion = 10.0.40219.1
Project("{9A19103F-16F7-4668-BE54-9A1E7A4F7556}") = "UnqiueHabits.Client", "UnqiueHabits.Client\UnqiueHabits.Client.csproj", "{F6DAC0EB-9BBB-4C38-B6E6-040546CD2A51}"
EndProject
Project("{9A19103F-16F7-4668-BE54-9A1E7A4F7556}") = "UniqueHabits.Contracts", "UniqueHabits.Contracts\UniqueHabits.Contracts.csproj", "{3AF5F529-1822-4048-90AD-B665DC6BBDFA}"
EndProject
Project("{9A19103F-16F7-4668-BE54-9A1E7A4F7556}") = "UniqueHabits.Shared", "UniqueHabits.Shared\UniqueHabits.Shared.csproj", "{F2613DDA-2005-4B84-8F18-4C0160F65434}"
EndProject
Global
	GlobalSection(SolutionConfigurationPlatforms) = preSolution
		Debug|Any CPU = Debug|Any CPU
		Release|Any CPU = Release|Any CPU
	EndGlobalSection
	GlobalSection(ProjectConfigurationPlatforms) = postSolution
		{F6DAC0EB-9BBB-4C38-B6E6-040546CD2A51}.Debug|Any CPU.ActiveCfg = Debug|Any CPU
		{F6DAC0EB-9BBB-4C38-B6E6-040546CD2A51}.Debug|Any CPU.Build.0 = Debug|Any CPU
		{F6DAC0EB-9BBB-4C38-B6E6-040546CD2A51}.Release|Any CPU.ActiveCfg = Release|Any CPU
		{F6DAC0EB-9BBB-4C38-B6E6-040546CD2A51}.Release|Any CPU.Build.0 = Release|Any CPU
		{3AF5F529-1822-4048-90AD-B665DC6BBDFA}.Debug|Any CPU.ActiveCfg = Debug|Any CPU
		{3AF5F529-1822-4048-90AD-B665DC6BBDFA}.Debug|Any CPU.Build.0 = Debug|Any CPU
		{3AF5F529-1822-4048-90AD-B665DC6BBDFA}.Release|Any CPU.ActiveCfg = Release|Any CPU
		{3AF5F529-1822-4048-90AD-B665DC6BBDFA}.Release|Any CPU.Build.0 = Release|Any CPU
		{F2613DDA-2005-4B84-8F18-4C0160F65434}.Debug|Any CPU.ActiveCfg = Debug|Any CPU
		{F2613DDA-2005-4B84-8F18-4C0160F65434}.Debug|Any CPU.Build.0 = Debug|Any CPU
		{F2613DDA-2005-4B84-8F18-4C0160F65434}.Release|Any CPU.ActiveCfg = Release|Any CPU
		{F2613DDA-2005-4B84-8F18-4C0160F65434}.Release|Any CPU.Build.0 = Release|Any CPU
	EndGlobalSection
	GlobalSection(SolutionProperties) = preSolution
		HideSolutionNode = FALSE
	EndGlobalSection
	GlobalSection(ExtensibilityGlobals) = postSolution
		SolutionGuid = {13EEBAFF-2747-4A20-AAA0-0729A872F019}
	EndGlobalSection
EndGlobal
